{
  "name": "IS-409-Report-Final",
  "lockfileVersion": 3,
  "requires": true,
  "packages": {
    "": {
      "dependencies": {
        "gridjs": "^6.2.0",
        "gridjs-react": "^6.1.1"
      }
    },
    "node_modules/gridjs": {
      "version": "6.2.0",
      "resolved": "https://registry.npmjs.org/gridjs/-/gridjs-6.2.0.tgz",
      "integrity": "sha512-EAGGfHjyEXWh12Txs6DjTGnWTo226wbowtMrLI+yNZQaJpvs0m7yDcyM7r+D4RA7rZQVj/cfmwEaRz/rlxg8LA==",
      "license": "MIT",
      "dependencies": {
        "preact": "^10.11.3"
      }
    },
    "node_modules/gridjs-react": {
      "version": "6.1.1",
      "resolved": "https://registry.npmjs.org/gridjs-react/-/gridjs-react-6.1.1.tgz",
      "integrity": "sha512-MOu/t4naXR6vIeLdcE+vUFtyUcYuRn75sThJnShlMntQcrVCSKSBApmNWU1MzLuNrqOH5sbDImqk7pIXYumKxA==",
      "license": "MIT",
      "peerDependencies": {
        "gridjs": "^6.1.0",
        "react": ">=18.x"
      }
    },
    "node_modules/preact": {
      "version": "10.26.4",
      "resolved": "https://registry.npmjs.org/preact/-/preact-10.26.4.tgz",
      "integrity": "sha512-KJhO7LBFTjP71d83trW+Ilnjbo+ySsaAgCfXOXUlmGzJ4ygYPWmysm77yg4emwfmoz3b22yvH5IsVFHbhUaH5w==",
      "license": "MIT",
      "funding": {
        "type": "opencollective",
        "url": "https://opencollective.com/preact"
      }
    },
    "node_modules/react": {
      "version": "19.1.0",
      "resolved": "https://registry.npmjs.org/react/-/react-19.1.0.tgz",
      "integrity": "sha512-FS+XFBNvn3GTAWq26joslQgWNoFu08F4kl0J4CgdNKADkdSGXQyTCnKteIAJy96Br6YbpEU1LSzV5dYtjMkMDg==",
      "license": "MIT",
      "peer": true,
      "engines": {
        "node": ">=0.10.0"
      }
    }
  }
}
